
Microsoft Visual Studio Solution File, Format Version 12.00
# Visual Studio Version 16
VisualStudioVersion = 16.0.29001.49
MinimumVisualStudioVersion = 10.0.40219.1
Project("{888888A0-9F3D-457C-B088-3A5042F75D52}") = "WebServer", "WebServer\WebServer.pyproj", "{C5948183-3BDA-47B2-AD86-E719E2C35D7A}"
EndProject
Global
	GlobalSection(SolutionConfigurationPlatforms) = preSolution
		Debug|Any CPU = Debug|Any CPU
		Release|Any CPU = Release|Any CPU
	EndGlobalSection
	GlobalSection(ProjectConfigurationPlatforms) = postSolution
		{C5948183-3BDA-47B2-AD86-E719E2C35D7A}.Debug|Any CPU.ActiveCfg = Debug|Any CPU
		{C5948183-3BDA-47B2-AD86-E719E2C35D7A}.Debug|Any CPU.Build.0 = Debug|Any CPU
		{C5948183-3BDA-47B2-AD86-E719E2C35D7A}.Release|Any CPU.ActiveCfg = Release|Any CPU
		{C5948183-3BDA-47B2-AD86-E719E2C35D7A}.Release|Any CPU.Build.0 = Release|Any CPU
	EndGlobalSection
	GlobalSection(SolutionProperties) = preSolution
		HideSolutionNode = FALSE
	EndGlobalSection
	GlobalSection(ExtensibilityGlobals) = postSolution
		SolutionGuid = {63DB9755-D3B5-4106-B2AF-5EC63B55BD5F}
	EndGlobalSection
EndGlobal
